
Microsoft Visual Studio Solution File, Format Version 12.00
# Visual Studio 14
VisualStudioVersion = 14.0.25420.1
MinimumVisualStudioVersion = 10.0.40219.1
Project("{FAE04EC0-301F-11D3-BF4B-00C04F79EFBC}") = "ConstructiveSynergyWeb", "ConstructiveSynergyWeb\ConstructiveSynergyWeb.csproj", "{E074B1FD-C7CE-4125-8244-2E95D2D4F7AE}"
EndProject
Project("{FAE04EC0-301F-11D3-BF4B-00C04F79EFBC}") = "ConstructiveSynergyWeb.Tests", "ConstructiveSynergyWeb.Tests\ConstructiveSynergyWeb.Tests.csproj", "{6E225195-ADCF-42B0-AEFD-FFDF5EE46F6D}"
EndProject
Global
	GlobalSection(SolutionConfigurationPlatforms) = preSolution
		Debug|Any CPU = Debug|Any CPU
		Release|Any CPU = Release|Any CPU
	EndGlobalSection
	GlobalSection(ProjectConfigurationPlatforms) = postSolution
		{E074B1FD-C7CE-4125-8244-2E95D2D4F7AE}.Debug|Any CPU.ActiveCfg = Debug|Any CPU
		{E074B1FD-C7CE-4125-8244-2E95D2D4F7AE}.Debug|Any CPU.Build.0 = Debug|Any CPU
		{E074B1FD-C7CE-4125-8244-2E95D2D4F7AE}.Release|Any CPU.ActiveCfg = Release|Any CPU
		{E074B1FD-C7CE-4125-8244-2E95D2D4F7AE}.Release|Any CPU.Build.0 = Release|Any CPU
		{6E225195-ADCF-42B0-AEFD-FFDF5EE46F6D}.Debug|Any CPU.ActiveCfg = Debug|Any CPU
		{6E225195-ADCF-42B0-AEFD-FFDF5EE46F6D}.Debug|Any CPU.Build.0 = Debug|Any CPU
		{6E225195-ADCF-42B0-AEFD-FFDF5EE46F6D}.Release|Any CPU.ActiveCfg = Release|Any CPU
		{6E225195-ADCF-42B0-AEFD-FFDF5EE46F6D}.Release|Any CPU.Build.0 = Release|Any CPU
	EndGlobalSection
	GlobalSection(SolutionProperties) = preSolution
		HideSolutionNode = FALSE
	EndGlobalSection
EndGlobal
